
Microsoft Visual Studio Solution File, Format Version 12.00
# Visual Studio Version 17
VisualStudioVersion = 17.0.32112.339
MinimumVisualStudioVersion = 10.0.40219.1
Project("{00D1A9C2-B5F0-4AF3-8072-F6C62B433612}") = "GT86DB", "GT86DB.sqlproj", "{8C26D462-73E7-4568-87CB-3F8D6FE43511}"
EndProject
Project("{9A19103F-16F7-4668-BE54-9A1E7A4F7556}") = "GT86Application", "..\GT86Application\GT86Application.csproj", "{3648FB90-674C-425F-9E45-9E4C51F98C3F}"
EndProject
Project("{FAE04EC0-301F-11D3-BF4B-00C04F79EFBC}") = "GT86Domain", "..\Domain\GT86Domain.csproj", "{05CC6CD1-C1AB-42A3-A863-DAE4B8D6A894}"
EndProject
Global
	GlobalSection(SolutionConfigurationPlatforms) = preSolution
		Debug|Any CPU = Debug|Any CPU
		Release|Any CPU = Release|Any CPU
	EndGlobalSection
	GlobalSection(ProjectConfigurationPlatforms) = postSolution
		{8C26D462-73E7-4568-87CB-3F8D6FE43511}.Debug|Any CPU.ActiveCfg = Debug|Any CPU
		{8C26D462-73E7-4568-87CB-3F8D6FE43511}.Debug|Any CPU.Build.0 = Debug|Any CPU
		{8C26D462-73E7-4568-87CB-3F8D6FE43511}.Debug|Any CPU.Deploy.0 = Debug|Any CPU
		{8C26D462-73E7-4568-87CB-3F8D6FE43511}.Release|Any CPU.ActiveCfg = Release|Any CPU
		{8C26D462-73E7-4568-87CB-3F8D6FE43511}.Release|Any CPU.Build.0 = Release|Any CPU
		{8C26D462-73E7-4568-87CB-3F8D6FE43511}.Release|Any CPU.Deploy.0 = Release|Any CPU
		{3648FB90-674C-425F-9E45-9E4C51F98C3F}.Debug|Any CPU.ActiveCfg = Debug|Any CPU
		{3648FB90-674C-425F-9E45-9E4C51F98C3F}.Debug|Any CPU.Build.0 = Debug|Any CPU
		{3648FB90-674C-425F-9E45-9E4C51F98C3F}.Release|Any CPU.ActiveCfg = Release|Any CPU
		{3648FB90-674C-425F-9E45-9E4C51F98C3F}.Release|Any CPU.Build.0 = Release|Any CPU
		{05CC6CD1-C1AB-42A3-A863-DAE4B8D6A894}.Debug|Any CPU.ActiveCfg = Debug|Any CPU
		{05CC6CD1-C1AB-42A3-A863-DAE4B8D6A894}.Debug|Any CPU.Build.0 = Debug|Any CPU
		{05CC6CD1-C1AB-42A3-A863-DAE4B8D6A894}.Release|Any CPU.ActiveCfg = Release|Any CPU
		{05CC6CD1-C1AB-42A3-A863-DAE4B8D6A894}.Release|Any CPU.Build.0 = Release|Any CPU
	EndGlobalSection
	GlobalSection(SolutionProperties) = preSolution
		HideSolutionNode = FALSE
	EndGlobalSection
	GlobalSection(ExtensibilityGlobals) = postSolution
		SolutionGuid = {0A517EA3-557B-45C7-B96D-0C6B4F442CDB}
	EndGlobalSection
EndGlobal
